
Microsoft Visual Studio Solution File, Format Version 12.00
# Visual Studio Version 17
VisualStudioVersion = 17.9.34728.123
MinimumVisualStudioVersion = 10.0.40219.1
Project("{FAE04EC0-301F-11D3-BF4B-00C04F79EFBC}") = "DAL", "DAL\DAL.csproj", "{7B4F19FB-C5B7-4A8E-92DA-7D5603A901AB}"
EndProject
Project("{FAE04EC0-301F-11D3-BF4B-00C04F79EFBC}") = "BL", "..\BL\BL.csproj", "{FCE0B04A-18D0-483C-BA7E-C18442084CFB}"
EndProject
Project("{2150E333-8FDC-42A3-9474-1A3956D46DE8}") = "Clean", "Clean", "{B0673558-8AAD-43EA-80D3-3C5856EF1C2C}"
EndProject
Project("{FAE04EC0-301F-11D3-BF4B-00C04F79EFBC}") = "Domain", "Domain\Domain.csproj", "{979CB985-92D9-4F71-9636-1D2923062555}"
EndProject
Project("{FAE04EC0-301F-11D3-BF4B-00C04F79EFBC}") = "Service", "Service\Service.csproj", "{7B657395-7440-4D48-BB2B-B7720A7E9DC8}"
EndProject
Project("{FAE04EC0-301F-11D3-BF4B-00C04F79EFBC}") = "API", "API\API.csproj", "{8B2F6C92-C93A-433A-B0AE-EEF04169EB82}"
EndProject
Project("{2150E333-8FDC-42A3-9474-1A3956D46DE8}") = "NLayer", "NLayer", "{02CF5B1C-2F04-4CA1-9DAB-731782538498}"
EndProject
Project("{FAE04EC0-301F-11D3-BF4B-00C04F79EFBC}") = "Repository", "Repository\Repository.csproj", "{06859786-E6CB-43A7-B21A-BBDC12F8C0C3}"
EndProject
Project("{FAE04EC0-301F-11D3-BF4B-00C04F79EFBC}") = "Logger", "Logger\Logger.csproj", "{7749C05C-3F18-41D6-BDFC-07729929F6EC}"
EndProject
Global
	GlobalSection(SolutionConfigurationPlatforms) = preSolution
		Debug|Any CPU = Debug|Any CPU
		Release|Any CPU = Release|Any CPU
	EndGlobalSection
	GlobalSection(ProjectConfigurationPlatforms) = postSolution
		{7B4F19FB-C5B7-4A8E-92DA-7D5603A901AB}.Debug|Any CPU.ActiveCfg = Debug|Any CPU
		{7B4F19FB-C5B7-4A8E-92DA-7D5603A901AB}.Debug|Any CPU.Build.0 = Debug|Any CPU
		{7B4F19FB-C5B7-4A8E-92DA-7D5603A901AB}.Release|Any CPU.ActiveCfg = Release|Any CPU
		{7B4F19FB-C5B7-4A8E-92DA-7D5603A901AB}.Release|Any CPU.Build.0 = Release|Any CPU
		{FCE0B04A-18D0-483C-BA7E-C18442084CFB}.Debug|Any CPU.ActiveCfg = Debug|Any CPU
		{FCE0B04A-18D0-483C-BA7E-C18442084CFB}.Debug|Any CPU.Build.0 = Debug|Any CPU
		{FCE0B04A-18D0-483C-BA7E-C18442084CFB}.Release|Any CPU.ActiveCfg = Release|Any CPU
		{FCE0B04A-18D0-483C-BA7E-C18442084CFB}.Release|Any CPU.Build.0 = Release|Any CPU
		{979CB985-92D9-4F71-9636-1D2923062555}.Debug|Any CPU.ActiveCfg = Debug|Any CPU
		{979CB985-92D9-4F71-9636-1D2923062555}.Debug|Any CPU.Build.0 = Debug|Any CPU
		{979CB985-92D9-4F71-9636-1D2923062555}.Release|Any CPU.ActiveCfg = Release|Any CPU
		{979CB985-92D9-4F71-9636-1D2923062555}.Release|Any CPU.Build.0 = Release|Any CPU
		{7B657395-7440-4D48-BB2B-B7720A7E9DC8}.Debug|Any CPU.ActiveCfg = Debug|Any CPU
		{7B657395-7440-4D48-BB2B-B7720A7E9DC8}.Debug|Any CPU.Build.0 = Debug|Any CPU
		{7B657395-7440-4D48-BB2B-B7720A7E9DC8}.Release|Any CPU.ActiveCfg = Release|Any CPU
		{7B657395-7440-4D48-BB2B-B7720A7E9DC8}.Release|Any CPU.Build.0 = Release|Any CPU
		{8B2F6C92-C93A-433A-B0AE-EEF04169EB82}.Debug|Any CPU.ActiveCfg = Debug|Any CPU
		{8B2F6C92-C93A-433A-B0AE-EEF04169EB82}.Debug|Any CPU.Build.0 = Debug|Any CPU
		{8B2F6C92-C93A-433A-B0AE-EEF04169EB82}.Release|Any CPU.ActiveCfg = Release|Any CPU
		{8B2F6C92-C93A-433A-B0AE-EEF04169EB82}.Release|Any CPU.Build.0 = Release|Any CPU
		{06859786-E6CB-43A7-B21A-BBDC12F8C0C3}.Debug|Any CPU.ActiveCfg = Debug|Any CPU
		{06859786-E6CB-43A7-B21A-BBDC12F8C0C3}.Debug|Any CPU.Build.0 = Debug|Any CPU
		{06859786-E6CB-43A7-B21A-BBDC12F8C0C3}.Release|Any CPU.ActiveCfg = Release|Any CPU
		{06859786-E6CB-43A7-B21A-BBDC12F8C0C3}.Release|Any CPU.Build.0 = Release|Any CPU
		{7749C05C-3F18-41D6-BDFC-07729929F6EC}.Debug|Any CPU.ActiveCfg = Debug|Any CPU
		{7749C05C-3F18-41D6-BDFC-07729929F6EC}.Debug|Any CPU.Build.0 = Debug|Any CPU
		{7749C05C-3F18-41D6-BDFC-07729929F6EC}.Release|Any CPU.ActiveCfg = Release|Any CPU
		{7749C05C-3F18-41D6-BDFC-07729929F6EC}.Release|Any CPU.Build.0 = Release|Any CPU
	EndGlobalSection
	GlobalSection(SolutionProperties) = preSolution
		HideSolutionNode = FALSE
	EndGlobalSection
	GlobalSection(NestedProjects) = preSolution
		{7B4F19FB-C5B7-4A8E-92DA-7D5603A901AB} = {02CF5B1C-2F04-4CA1-9DAB-731782538498}
		{FCE0B04A-18D0-483C-BA7E-C18442084CFB} = {02CF5B1C-2F04-4CA1-9DAB-731782538498}
		{979CB985-92D9-4F71-9636-1D2923062555} = {B0673558-8AAD-43EA-80D3-3C5856EF1C2C}
		{7B657395-7440-4D48-BB2B-B7720A7E9DC8} = {B0673558-8AAD-43EA-80D3-3C5856EF1C2C}
		{8B2F6C92-C93A-433A-B0AE-EEF04169EB82} = {B0673558-8AAD-43EA-80D3-3C5856EF1C2C}
		{06859786-E6CB-43A7-B21A-BBDC12F8C0C3} = {B0673558-8AAD-43EA-80D3-3C5856EF1C2C}
		{7749C05C-3F18-41D6-BDFC-07729929F6EC} = {B0673558-8AAD-43EA-80D3-3C5856EF1C2C}
	EndGlobalSection
	GlobalSection(ExtensibilityGlobals) = postSolution
		SolutionGuid = {8DBB082E-892C-4689-BAC0-F14C42683715}
	EndGlobalSection
EndGlobal
